<?xml version="1.0" encoding="utf-8"?>
<Project ToolsVersion="4.0" xmlns="http://schemas.microsoft.com/developer/msbuild/2003">
  <ItemGroup>
    <Filter Include="Resource">
      <UniqueIdentifier>{afea18ab-a8a1-4f4c-b7cb-b61d1db7c846}</UniqueIdentifier>
    </Filter>
    <Filter Include="Shader">
      <UniqueIdentifier>{255ca603-ac79-4a2f-818e-a546ec0e808a}</UniqueIdentifier>
    </Filter>
    <Filter Include="Source">
      <UniqueIdentifier>{4bb2e0f8-e892-497a-b3d0-a752e79c20fa}</UniqueIdentifier>
    </Filter>
    <Filter Include="Source\DirectX">
      <UniqueIdentifier>{081c13db-b90f-4b43-b874-c0bfeb26c614}</UniqueIdentifier>
    </Filter>
    <Filter Include="Source\Game">
      <UniqueIdentifier>{fcb3b083-99fb-44f6-91af-df2cd2d5a15f}</UniqueIdentifier>
    </Filter>
    <Filter Include="Source\GameObject">
      <UniqueIdentifier>{e3b58cda-250f-4d6b-a528-a24abe9aba64}</UniqueIdentifier>
    </Filter>
    <Filter Include="Source\Main">
      <UniqueIdentifier>{e8b421b4-b595-4d12-a5bb-c9d77af68932}</UniqueIdentifier>
    </Filter>
    <Filter Include="Source\Sprite3D">
      <UniqueIdentifier>{12745241-d010-4d17-becc-c603257bfadb}</UniqueIdentifier>
    </Filter>
    <Filter Include="Source\Sprite2D">
      <UniqueIdentifier>{0b436677-f236-4418-8f8a-6d2d08aceb65}</UniqueIdentifier>
    </Filter>
    <Filter Include="Source\GameObject\UIObject">
      <UniqueIdentifier>{110137ba-2a60-4ce0-b7fd-8edf61fe7ac6}</UniqueIdentifier>
    </Filter>
    <Filter Include="Source\DebugText">
      <UniqueIdentifier>{e4284e5a-1c13-4bbc-916a-1ab5190917d6}</UniqueIdentifier>
    </Filter>
    <Filter Include="Source\StaticMesh">
      <UniqueIdentifier>{04a8d26e-26e7-4270-a99d-489d6083f939}</UniqueIdentifier>
    </Filter>
    <Filter Include="Source\GameObject\StaticMeshObject">
      <UniqueIdentifier>{c115b3d2-026a-40be-b5a2-02f83decb695}</UniqueIdentifier>
    </Filter>
    <Filter Include="Source\GameObject\SpriteObject">
      <UniqueIdentifier>{cca73fca-1a9b-4392-8b37-bffb05ad32a7}</UniqueIdentifier>
    </Filter>
    <Filter Include="Source\GameObject\SpriteObject\Explosion">
      <UniqueIdentifier>{cbec0bf5-4a7d-4751-8519-c9a6ffc6721d}</UniqueIdentifier>
    </Filter>
    <Filter Include="Source\GameObject\StaticMeshObject\Character">
      <UniqueIdentifier>{dcd0ea19-724e-4625-8448-3d91af7dbd22}</UniqueIdentifier>
    </Filter>
    <Filter Include="Source\GameObject\StaticMeshObject\Character\Player">
      <UniqueIdentifier>{040bd5ec-7ee6-45f0-ad0b-b09e571c4f23}</UniqueIdentifier>
    </Filter>
    <Filter Include="Source\GameObject\StaticMeshObject\Ground">
      <UniqueIdentifier>{c0909161-a275-4022-abee-68c4d2751ed4}</UniqueIdentifier>
    </Filter>
    <Filter Include="Source\GameObject\StaticMeshObject\Character\Enemy">
      <UniqueIdentifier>{f66a17ed-2bb7-41ce-a5f2-6bcc4aaf4f2b}</UniqueIdentifier>
    </Filter>
    <Filter Include="Source\BoundingSphere">
      <UniqueIdentifier>{fed4633c-ed5b-4e9f-ba05-83315a3f326f}</UniqueIdentifier>
    </Filter>
    <Filter Include="Source\GameObject\StaticMeshObject\Shot">
      <UniqueIdentifier>{e2fb0f87-92e3-486c-b646-f236537f419a}</UniqueIdentifier>
    </Filter>
    <Filter Include="Source\Sound">
      <UniqueIdentifier>{270f52a2-ef4a-4c46-ad63-45ddea695be2}</UniqueIdentifier>
    </Filter>
    <Filter Include="Source\Effect">
      <UniqueIdentifier>{e40c6298-c0aa-4516-93c4-44ff036cc619}</UniqueIdentifier>
    </Filter>
    <Filter Include="Source\SkinMesh">
      <UniqueIdentifier>{24b2de72-25e8-4935-bfb5-6b81206e61aa}</UniqueIdentifier>
    </Filter>
    <Filter Include="Source\GameObject\SkinMeshObject">
      <UniqueIdentifier>{7aff340c-ddc6-471f-883b-73ff22b3229d}</UniqueIdentifier>
    </Filter>
    <Filter Include="Source\GameObject\SkinMeshObject\Zako">
      <UniqueIdentifier>{70655f26-91b9-4a81-aa05-c22f9a185d47}</UniqueIdentifier>
    </Filter>
    <Filter Include="Source\Ray">
      <UniqueIdentifier>{783eb287-37a9-4e63-9e7c-400dc8e68026}</UniqueIdentifier>
    </Filter>
    <Filter Include="Source\BoundingBox">
      <UniqueIdentifier>{1d7a8578-dc63-423d-8657-72d8969fc6e0}</UniqueIdentifier>
    </Filter>
  </ItemGroup>
  <ItemGroup>
    <ClCompile Include="Source\stdafx.cpp">
      <Filter>Source</Filter>
    </ClCompile>
    <ClCompile Include="Source\WinMain.cpp">
      <Filter>Source</Filter>
    </ClCompile>
    <ClCompile Include="Source\Collision\BoundingBox\BoundingBox.cpp" />
    <ClCompile Include="Source\Collision\CBoundingSphere\CBoundingSphere.cpp" />
    <ClCompile Include="Source\DebugText\CDebugText.cpp" />
    <ClCompile Include="Source\DirectX\CDirectX9.cpp" />
    <ClCompile Include="Source\DirectX\CDirectX11.cpp" />
    <ClCompile Include="Source\Game\CGame.cpp" />
    <ClCompile Include="Source\GameObject\CGameObject.cpp" />
    <ClCompile Include="Source\GameObject\CSpriteObject\CSpriteObject.cpp" />
    <ClCompile Include="Source\GameObject\StaticMeshObject\CStaticMeshObject.cpp" />
    <ClCompile Include="Source\GameObject\StaticMeshObject\CCharacter\CCharacter.cpp" />
    <ClCompile Include="Source\GameObject\StaticMeshObject\CCharacter\Player\CPlayer.cpp" />
    <ClCompile Include="Source\GameObject\StaticMeshObject\CCharacter\Ground\CGround.cpp" />
    <ClCompile Include="Source\GameObject\UIObject\CUIObject.cpp" />
    <ClCompile Include="Source\Main\CMain.cpp" />
    <ClCompile Include="Source\Scene\CSceneBase.cpp" />
    <ClCompile Include="Source\Scene\CEnding\CEnding.cpp" />
    <ClCompile Include="Source\Scene\CGameMain\CGameMain.cpp" />
    <ClCompile Include="Source\Scene\CGameOver\CGameOver.cpp" />
    <ClCompile Include="Source\Scene\CTitle\CTitle.cpp" />
    <ClCompile Include="Source\SceneManager\CSceneManager.cpp" />
    <ClCompile Include="Source\Sound\CSound.cpp" />
    <ClCompile Include="Source\Sound\CSoundManager.cpp" />
    <ClCompile Include="Source\Sprite2D\CSprite2D.cpp" />
    <ClCompile Include="Source\Sprite3D\CSprite3D.cpp" />
    <ClCompile Include="Source\StaticMash\CStaticMesh.cpp" />
    <ClCompile Include="Source\StaticMash\CStaticMeshManager.cpp" />
  </ItemGroup>
  <ItemGroup>
    <ClInclude Include="Source\Global.h">
      <Filter>Source</Filter>
    </ClInclude>
    <ClInclude Include="Source\MyMacro.h">
      <Filter>Source</Filter>
    </ClInclude>
    <ClInclude Include="Source\stdafx.h">
      <Filter>Source</Filter>
    </ClInclude>
    <ClInclude Include="Source\Collision\BoundingBox\BoundingBox.h" />
    <ClInclude Include="Source\Collision\CBoundingSphere\CBoundingSphere.h" />
    <ClInclude Include="Source\DebugText\CDebugText.h" />
    <ClInclude Include="Source\DirectX\CDirectX9.h" />
    <ClInclude Include="Source\DirectX\CDirectX11.h" />
    <ClInclude Include="Source\Game\CGame.h" />
    <ClInclude Include="Source\GameObject\CGameObject.h" />
    <ClInclude Include="Source\GameObject\CSpriteObject\CSpriteObject.h" />
    <ClInclude Include="Source\GameObject\StaticMeshObject\CStaticMeshObject.h" />
    <ClInclude Include="Source\GameObject\StaticMeshObject\CCharacter\CCharacter.h" />
    <ClInclude Include="Source\GameObject\StaticMeshObject\CCharacter\Player\CPlayer.h" />
    <ClInclude Include="Source\GameObject\StaticMeshObject\CCharacter\Ground\CGround.h" />
    <ClInclude Include="Source\GameObject\UIObject\CUIObject.h" />
    <ClInclude Include="Source\Main\CMain.h" />
    <ClInclude Include="Source\Scene\CSceneBase.h" />
    <ClInclude Include="Source\Scene\CEnding\CEnding.h" />
    <ClInclude Include="Source\Scene\CGameMain\CGameMain.h" />
    <ClInclude Include="Source\Scene\CGameOver\CGameOver.h" />
    <ClInclude Include="Source\Scene\CTitle\CTitle.h" />
    <ClInclude Include="Source\SceneManager\CSceneManager.h" />
    <ClInclude Include="Source\Sound\CSound.h" />
    <ClInclude Include="Source\Sound\CSoundManager.h" />
    <ClInclude Include="Source\Sprite2D\CSprite2D.h" />
    <ClInclude Include="Source\Sprite3D\CSprite3D.h" />
    <ClInclude Include="Source\StaticMash\CStaticMesh.h" />
    <ClInclude Include="Source\StaticMash\CStaticMeshManager.h" />
  </ItemGroup>
  <ItemGroup>
    <FxCompile Include="Data\Shader\Sprite3D.hlsl">
      <Filter>Shader</Filter>
    </FxCompile>
    <FxCompile Include="Data\Shader\Sprite2D.hlsl">
      <Filter>Shader</Filter>
    </FxCompile>
    <FxCompile Include="Data\Shader\DebugText.hlsl">
      <Filter>Shader</Filter>
    </FxCompile>
    <FxCompile Include="Data\Shader\StaticMesh.hlsl">
      <Filter>Shader</Filter>
    </FxCompile>
    <FxCompile Include="Data\Shader\SkinMesh.hlsl">
      <Filter>Shader</Filter>
    </FxCompile>
  </ItemGroup>
</Project>